
Microsoft Visual Studio Solution File, Format Version 12.00
# Visual Studio Version 17
VisualStudioVersion = 17.5.2.0
MinimumVisualStudioVersion = 10.0.40219.1
Project("{FAE04EC0-301F-11D3-BF4B-00C04F79EFBC}") = "Koncilia.HistoriaUsuario.Api", "Koncilia.HistoriaUsuario.Api\Koncilia.HistoriaUsuario.Api.csproj", "{F59E5EA2-B1C1-61E2-56B4-F0F211F607D3}"
EndProject
Project("{2150E333-8FDC-42A3-9474-1A3956D46DE8}") = "HistoriaUsuario.Api", "HistoriaUsuario.Api", "{A1F51405-F426-C39B-A1CA-D300CA92C66C}"
EndProject
Project("{2150E333-8FDC-42A3-9474-1A3956D46DE8}") = "Tests", "Tests", "{7CBC8DBD-185D-1D12-7697-CEF9291C948B}"
EndProject
Project("{FAE04EC0-301F-11D3-BF4B-00C04F79EFBC}") = "HistoriaUsuario.Tests", "HistoriaUsuario.Api\Tests\HistoriaUsuario.Tests.csproj", "{77C018A2-A036-477A-A66F-7399DEB0D014}"
EndProject
Project("{FAE04EC0-301F-11D3-BF4B-00C04F79EFBC}") = "QAAutomation.Api", "QAAutomation.Api\QAAutomation.Api.csproj", "{93EE508A-2BF8-450A-A6FF-A2E66F2F3A9A}"
EndProject
Global
	GlobalSection(SolutionConfigurationPlatforms) = preSolution
		Debug|Any CPU = Debug|Any CPU
		Debug|x64 = Debug|x64
		Debug|x86 = Debug|x86
		Release|Any CPU = Release|Any CPU
		Release|x64 = Release|x64
		Release|x86 = Release|x86
	EndGlobalSection
	GlobalSection(ProjectConfigurationPlatforms) = postSolution
		{F59E5EA2-B1C1-61E2-56B4-F0F211F607D3}.Debug|Any CPU.ActiveCfg = Debug|Any CPU
		{F59E5EA2-B1C1-61E2-56B4-F0F211F607D3}.Debug|Any CPU.Build.0 = Debug|Any CPU
		{F59E5EA2-B1C1-61E2-56B4-F0F211F607D3}.Debug|x64.ActiveCfg = Debug|Any CPU
		{F59E5EA2-B1C1-61E2-56B4-F0F211F607D3}.Debug|x64.Build.0 = Debug|Any CPU
		{F59E5EA2-B1C1-61E2-56B4-F0F211F607D3}.Debug|x86.ActiveCfg = Debug|Any CPU
		{F59E5EA2-B1C1-61E2-56B4-F0F211F607D3}.Debug|x86.Build.0 = Debug|Any CPU
		{F59E5EA2-B1C1-61E2-56B4-F0F211F607D3}.Release|Any CPU.ActiveCfg = Release|Any CPU
		{F59E5EA2-B1C1-61E2-56B4-F0F211F607D3}.Release|Any CPU.Build.0 = Release|Any CPU
		{F59E5EA2-B1C1-61E2-56B4-F0F211F607D3}.Release|x64.ActiveCfg = Release|Any CPU
		{F59E5EA2-B1C1-61E2-56B4-F0F211F607D3}.Release|x64.Build.0 = Release|Any CPU
		{F59E5EA2-B1C1-61E2-56B4-F0F211F607D3}.Release|x86.ActiveCfg = Release|Any CPU
		{F59E5EA2-B1C1-61E2-56B4-F0F211F607D3}.Release|x86.Build.0 = Release|Any CPU
		{77C018A2-A036-477A-A66F-7399DEB0D014}.Debug|Any CPU.ActiveCfg = Debug|Any CPU
		{77C018A2-A036-477A-A66F-7399DEB0D014}.Debug|Any CPU.Build.0 = Debug|Any CPU
		{77C018A2-A036-477A-A66F-7399DEB0D014}.Debug|x64.ActiveCfg = Debug|Any CPU
		{77C018A2-A036-477A-A66F-7399DEB0D014}.Debug|x64.Build.0 = Debug|Any CPU
		{77C018A2-A036-477A-A66F-7399DEB0D014}.Debug|x86.ActiveCfg = Debug|Any CPU
		{77C018A2-A036-477A-A66F-7399DEB0D014}.Debug|x86.Build.0 = Debug|Any CPU
		{77C018A2-A036-477A-A66F-7399DEB0D014}.Release|Any CPU.ActiveCfg = Release|Any CPU
		{77C018A2-A036-477A-A66F-7399DEB0D014}.Release|Any CPU.Build.0 = Release|Any CPU
		{77C018A2-A036-477A-A66F-7399DEB0D014}.Release|x64.ActiveCfg = Release|Any CPU
		{77C018A2-A036-477A-A66F-7399DEB0D014}.Release|x64.Build.0 = Release|Any CPU
		{77C018A2-A036-477A-A66F-7399DEB0D014}.Release|x86.ActiveCfg = Release|Any CPU
		{77C018A2-A036-477A-A66F-7399DEB0D014}.Release|x86.Build.0 = Release|Any CPU
		{93EE508A-2BF8-450A-A6FF-A2E66F2F3A9A}.Debug|Any CPU.ActiveCfg = Debug|Any CPU
		{93EE508A-2BF8-450A-A6FF-A2E66F2F3A9A}.Debug|Any CPU.Build.0 = Debug|Any CPU
		{93EE508A-2BF8-450A-A6FF-A2E66F2F3A9A}.Debug|x64.ActiveCfg = Debug|Any CPU
		{93EE508A-2BF8-450A-A6FF-A2E66F2F3A9A}.Debug|x64.Build.0 = Debug|Any CPU
		{93EE508A-2BF8-450A-A6FF-A2E66F2F3A9A}.Debug|x86.ActiveCfg = Debug|Any CPU
		{93EE508A-2BF8-450A-A6FF-A2E66F2F3A9A}.Debug|x86.Build.0 = Debug|Any CPU
		{93EE508A-2BF8-450A-A6FF-A2E66F2F3A9A}.Release|Any CPU.ActiveCfg = Release|Any CPU
		{93EE508A-2BF8-450A-A6FF-A2E66F2F3A9A}.Release|Any CPU.Build.0 = Release|Any CPU
		{93EE508A-2BF8-450A-A6FF-A2E66F2F3A9A}.Release|x64.ActiveCfg = Release|Any CPU
		{93EE508A-2BF8-450A-A6FF-A2E66F2F3A9A}.Release|x64.Build.0 = Release|Any CPU
		{93EE508A-2BF8-450A-A6FF-A2E66F2F3A9A}.Release|x86.ActiveCfg = Release|Any CPU
		{93EE508A-2BF8-450A-A6FF-A2E66F2F3A9A}.Release|x86.Build.0 = Release|Any CPU
	EndGlobalSection
	GlobalSection(SolutionProperties) = preSolution
		HideSolutionNode = FALSE
	EndGlobalSection
	GlobalSection(NestedProjects) = preSolution
		{7CBC8DBD-185D-1D12-7697-CEF9291C948B} = {A1F51405-F426-C39B-A1CA-D300CA92C66C}
		{77C018A2-A036-477A-A66F-7399DEB0D014} = {7CBC8DBD-185D-1D12-7697-CEF9291C948B}
	EndGlobalSection
	GlobalSection(ExtensibilityGlobals) = postSolution
		SolutionGuid = {ADED2476-F42C-4984-BF8E-53DEA9A90576}
	EndGlobalSection
EndGlobal
